
Microsoft Visual Studio Solution File, Format Version 12.00
# Visual Studio Version 17
VisualStudioVersion = 17.13.35931.197 d17.13
MinimumVisualStudioVersion = 10.0.40219.1
Project("{FAE04EC0-301F-11D3-BF4B-00C04F79EFBC}") = "CMS", "CMS\CMS.csproj", "{5334724F-F110-4CC0-99E1-A44F8D98D757}"
EndProject
Global
	GlobalSection(SolutionConfigurationPlatforms) = preSolution
		Debug|Any CPU = Debug|Any CPU
		Release|Any CPU = Release|Any CPU
	EndGlobalSection
	GlobalSection(ProjectConfigurationPlatforms) = postSolution
		{5334724F-F110-4CC0-99E1-A44F8D98D757}.Debug|Any CPU.ActiveCfg = Debug|Any CPU
		{5334724F-F110-4CC0-99E1-A44F8D98D757}.Debug|Any CPU.Build.0 = Debug|Any CPU
		{5334724F-F110-4CC0-99E1-A44F8D98D757}.Release|Any CPU.ActiveCfg = Release|Any CPU
		{5334724F-F110-4CC0-99E1-A44F8D98D757}.Release|Any CPU.Build.0 = Release|Any CPU
	EndGlobalSection
	GlobalSection(SolutionProperties) = preSolution
		HideSolutionNode = FALSE
	EndGlobalSection
	GlobalSection(ExtensibilityGlobals) = postSolution
		SolutionGuid = {C927E180-AD33-45B4-A406-4887D64E6EC5}
	EndGlobalSection
EndGlobal
